
Microsoft Visual Studio Solution File, Format Version 12.00
# Visual Studio Version 16
VisualStudioVersion = 16.0.30709.132
MinimumVisualStudioVersion = 10.0.40219.1
Project("{2150E333-8FDC-42A3-9474-1A3956D46DE8}") = "1 - Presentation", "1 - Presentation", "{6ED0878E-EC27-4D31-A426-86570BCC2425}"
EndProject
Project("{2150E333-8FDC-42A3-9474-1A3956D46DE8}") = "2 - Services", "2 - Services", "{17B0299F-ECE7-4CBB-A69B-2560A94F5CF4}"
EndProject
Project("{2150E333-8FDC-42A3-9474-1A3956D46DE8}") = "3 - Application", "3 - Application", "{B50B204F-57D0-4A8F-8287-CAA7E396904F}"
EndProject
Project("{2150E333-8FDC-42A3-9474-1A3956D46DE8}") = "4 - Domain", "4 - Domain", "{397CA580-6CFB-4516-A47F-9ED1EE8158F6}"
EndProject
Project("{2150E333-8FDC-42A3-9474-1A3956D46DE8}") = "5 - Infra", "5 - Infra", "{EA53B3C8-CEED-41C7-B114-FCAF5202A3B4}"
EndProject
Project("{2150E333-8FDC-42A3-9474-1A3956D46DE8}") = "5.1 - Data", "5.1 - Data", "{0E8037E4-6686-46A6-81FB-70278799EC74}"
EndProject
Project("{2150E333-8FDC-42A3-9474-1A3956D46DE8}") = "5.2 - CrossCutting", "5.2 - CrossCutting", "{78F74D38-20BA-4895-A8B3-2A9DD8A503C8}"
EndProject
Project("{FAE04EC0-301F-11D3-BF4B-00C04F79EFBC}") = "HotelPlazaApi.Web", "HotelPlazaApi.Web\HotelPlazaApi.Web.csproj", "{C4A99D90-9687-44DC-B609-A5DD994E77F4}"
EndProject
Project("{FAE04EC0-301F-11D3-BF4B-00C04F79EFBC}") = "HotelPlazaApi.Domain", "HotelPlazaApi.Domain\HotelPlazaApi.Domain.csproj", "{AB0929B5-90A3-463C-B252-1D7F8EED4574}"
EndProject
Project("{FAE04EC0-301F-11D3-BF4B-00C04F79EFBC}") = "HotelPlazaApi.Infra.Data", "HotelPlazaApi.Infra.Data\HotelPlazaApi.Infra.Data.csproj", "{D5339F95-EDA7-4DB7-8FCE-D87E4DAEA273}"
EndProject
Project("{FAE04EC0-301F-11D3-BF4B-00C04F79EFBC}") = "HotelPlazaApi.Application", "HotelPlazaApi.Application\HotelPlazaApi.Application.csproj", "{278B1F66-07B5-4F9C-BBF2-C8C54FD3CA2E}"
EndProject
Global
	GlobalSection(SolutionConfigurationPlatforms) = preSolution
		Debug|Any CPU = Debug|Any CPU
		Release|Any CPU = Release|Any CPU
	EndGlobalSection
	GlobalSection(ProjectConfigurationPlatforms) = postSolution
		{C4A99D90-9687-44DC-B609-A5DD994E77F4}.Debug|Any CPU.ActiveCfg = Debug|Any CPU
		{C4A99D90-9687-44DC-B609-A5DD994E77F4}.Debug|Any CPU.Build.0 = Debug|Any CPU
		{C4A99D90-9687-44DC-B609-A5DD994E77F4}.Release|Any CPU.ActiveCfg = Release|Any CPU
		{C4A99D90-9687-44DC-B609-A5DD994E77F4}.Release|Any CPU.Build.0 = Release|Any CPU
		{AB0929B5-90A3-463C-B252-1D7F8EED4574}.Debug|Any CPU.ActiveCfg = Debug|Any CPU
		{AB0929B5-90A3-463C-B252-1D7F8EED4574}.Debug|Any CPU.Build.0 = Debug|Any CPU
		{AB0929B5-90A3-463C-B252-1D7F8EED4574}.Release|Any CPU.ActiveCfg = Release|Any CPU
		{AB0929B5-90A3-463C-B252-1D7F8EED4574}.Release|Any CPU.Build.0 = Release|Any CPU
		{D5339F95-EDA7-4DB7-8FCE-D87E4DAEA273}.Debug|Any CPU.ActiveCfg = Debug|Any CPU
		{D5339F95-EDA7-4DB7-8FCE-D87E4DAEA273}.Debug|Any CPU.Build.0 = Debug|Any CPU
		{D5339F95-EDA7-4DB7-8FCE-D87E4DAEA273}.Release|Any CPU.ActiveCfg = Release|Any CPU
		{D5339F95-EDA7-4DB7-8FCE-D87E4DAEA273}.Release|Any CPU.Build.0 = Release|Any CPU
		{278B1F66-07B5-4F9C-BBF2-C8C54FD3CA2E}.Debug|Any CPU.ActiveCfg = Debug|Any CPU
		{278B1F66-07B5-4F9C-BBF2-C8C54FD3CA2E}.Debug|Any CPU.Build.0 = Debug|Any CPU
		{278B1F66-07B5-4F9C-BBF2-C8C54FD3CA2E}.Release|Any CPU.ActiveCfg = Release|Any CPU
		{278B1F66-07B5-4F9C-BBF2-C8C54FD3CA2E}.Release|Any CPU.Build.0 = Release|Any CPU
	EndGlobalSection
	GlobalSection(SolutionProperties) = preSolution
		HideSolutionNode = FALSE
	EndGlobalSection
	GlobalSection(NestedProjects) = preSolution
		{0E8037E4-6686-46A6-81FB-70278799EC74} = {EA53B3C8-CEED-41C7-B114-FCAF5202A3B4}
		{78F74D38-20BA-4895-A8B3-2A9DD8A503C8} = {EA53B3C8-CEED-41C7-B114-FCAF5202A3B4}
		{C4A99D90-9687-44DC-B609-A5DD994E77F4} = {6ED0878E-EC27-4D31-A426-86570BCC2425}
		{AB0929B5-90A3-463C-B252-1D7F8EED4574} = {397CA580-6CFB-4516-A47F-9ED1EE8158F6}
		{D5339F95-EDA7-4DB7-8FCE-D87E4DAEA273} = {0E8037E4-6686-46A6-81FB-70278799EC74}
		{278B1F66-07B5-4F9C-BBF2-C8C54FD3CA2E} = {B50B204F-57D0-4A8F-8287-CAA7E396904F}
	EndGlobalSection
	GlobalSection(ExtensibilityGlobals) = postSolution
		SolutionGuid = {487AED0F-0303-4047-B4F4-44E822696A36}
	EndGlobalSection
EndGlobal
